
Microsoft Visual Studio Solution File, Format Version 12.00
# Visual Studio Version 17
VisualStudioVersion = 17.12.35707.178 d17.12
MinimumVisualStudioVersion = 10.0.40219.1
Project("{FAE04EC0-301F-11D3-BF4B-00C04F79EFBC}") = "LeaveManagementSystem.Web", "LeaveManagementSystem.Web\LeaveManagementSystem.Web.csproj", "{F8BCDBC2-03F6-4808-BE2E-3EBB79BBC946}"
EndProject
Global
	GlobalSection(SolutionConfigurationPlatforms) = preSolution
		Debug|Any CPU = Debug|Any CPU
		Release|Any CPU = Release|Any CPU
	EndGlobalSection
	GlobalSection(ProjectConfigurationPlatforms) = postSolution
		{F8BCDBC2-03F6-4808-BE2E-3EBB79BBC946}.Debug|Any CPU.ActiveCfg = Debug|Any CPU
		{F8BCDBC2-03F6-4808-BE2E-3EBB79BBC946}.Debug|Any CPU.Build.0 = Debug|Any CPU
		{F8BCDBC2-03F6-4808-BE2E-3EBB79BBC946}.Release|Any CPU.ActiveCfg = Release|Any CPU
		{F8BCDBC2-03F6-4808-BE2E-3EBB79BBC946}.Release|Any CPU.Build.0 = Release|Any CPU
	EndGlobalSection
	GlobalSection(SolutionProperties) = preSolution
		HideSolutionNode = FALSE
	EndGlobalSection
EndGlobal
